
Microsoft Visual Studio Solution File, Format Version 12.00
# Visual Studio Version 17
VisualStudioVersion = 17.1.32421.90
MinimumVisualStudioVersion = 10.0.40219.1
Project("{9A19103F-16F7-4668-BE54-9A1E7A4F7556}") = "BankAPI.Models", "BankAPI.Models\BankAPI.Models.csproj", "{85BC3349-F451-4614-A533-799279746920}"
EndProject
Project("{9A19103F-16F7-4668-BE54-9A1E7A4F7556}") = "BankAPI.Tests", "BankAPI.Tests\BankAPI.Tests.csproj", "{A4BADE0C-1CDF-4A34-A461-20DB22719351}"
EndProject
Project("{9A19103F-16F7-4668-BE54-9A1E7A4F7556}") = "BankAPI.DataAccess", "BankAPI.DataAccess\BankAPI.DataAccess.csproj", "{F5D64AB4-8B37-4202-8C85-57D9607FC67B}"
EndProject
Project("{FAE04EC0-301F-11D3-BF4B-00C04F79EFBC}") = "BankAPICore", "BankAPICore\BankAPICore.csproj", "{6B63D182-8C88-473A-A068-81A3A3FCA72D}"
EndProject
Global
	GlobalSection(SolutionConfigurationPlatforms) = preSolution
		Debug|Any CPU = Debug|Any CPU
		Release|Any CPU = Release|Any CPU
	EndGlobalSection
	GlobalSection(ProjectConfigurationPlatforms) = postSolution
		{85BC3349-F451-4614-A533-799279746920}.Debug|Any CPU.ActiveCfg = Debug|Any CPU
		{85BC3349-F451-4614-A533-799279746920}.Debug|Any CPU.Build.0 = Debug|Any CPU
		{85BC3349-F451-4614-A533-799279746920}.Release|Any CPU.ActiveCfg = Release|Any CPU
		{85BC3349-F451-4614-A533-799279746920}.Release|Any CPU.Build.0 = Release|Any CPU
		{A4BADE0C-1CDF-4A34-A461-20DB22719351}.Debug|Any CPU.ActiveCfg = Debug|Any CPU
		{A4BADE0C-1CDF-4A34-A461-20DB22719351}.Debug|Any CPU.Build.0 = Debug|Any CPU
		{A4BADE0C-1CDF-4A34-A461-20DB22719351}.Release|Any CPU.ActiveCfg = Release|Any CPU
		{A4BADE0C-1CDF-4A34-A461-20DB22719351}.Release|Any CPU.Build.0 = Release|Any CPU
		{F5D64AB4-8B37-4202-8C85-57D9607FC67B}.Debug|Any CPU.ActiveCfg = Debug|Any CPU
		{F5D64AB4-8B37-4202-8C85-57D9607FC67B}.Debug|Any CPU.Build.0 = Debug|Any CPU
		{F5D64AB4-8B37-4202-8C85-57D9607FC67B}.Release|Any CPU.ActiveCfg = Release|Any CPU
		{F5D64AB4-8B37-4202-8C85-57D9607FC67B}.Release|Any CPU.Build.0 = Release|Any CPU
		{6B63D182-8C88-473A-A068-81A3A3FCA72D}.Debug|Any CPU.ActiveCfg = Debug|Any CPU
		{6B63D182-8C88-473A-A068-81A3A3FCA72D}.Debug|Any CPU.Build.0 = Debug|Any CPU
		{6B63D182-8C88-473A-A068-81A3A3FCA72D}.Release|Any CPU.ActiveCfg = Release|Any CPU
		{6B63D182-8C88-473A-A068-81A3A3FCA72D}.Release|Any CPU.Build.0 = Release|Any CPU
	EndGlobalSection
	GlobalSection(SolutionProperties) = preSolution
		HideSolutionNode = FALSE
	EndGlobalSection
	GlobalSection(ExtensibilityGlobals) = postSolution
		SolutionGuid = {5FF24287-7CC1-44C3-8D9A-5C8C54AF6410}
	EndGlobalSection
EndGlobal
